{
    "name": "@easy-games/highlighter",
    "version": "0.8.1",
    "lockfileVersion": 3,
    "requires": true,
    "packages": {
        "": {
            "name": "@easy-games/highlighter",
            "version": "0.8.1",
            "license": "MIT",
            "devDependencies": {
                "@rbxts/compiler-types": "^2.0.4-types.0",
                "@rbxts/types": "^1.0.516"
            }
        },
        "node_modules/@rbxts/compiler-types": {
            "version": "2.0.4-types.1",
            "resolved": "https://registry.npmjs.org/@rbxts/compiler-types/-/compiler-types-2.0.4-types.1.tgz",
            "integrity": "sha512-sLFiyMH9j8kcCd07lt6R+WgneksCGqYUFKu7qX02ufUU7r9eR2dXoOt2A9Nxh3unTuCu5mYyO0M6JYb82fOHxA==",
            "dev": true
        },
        "node_modules/@rbxts/types": {
            "version": "1.0.708",
            "resolved": "https://registry.npmjs.org/@rbxts/types/-/types-1.0.708.tgz",
            "integrity": "sha512-h6fpdlP6xVvSvJQ+8u081XbdONW4sX46uKu3PBtSvkNnxDlDNMaXKyuCLSq3bpjCvGM5FwaOFxy2hmIUw4tSqQ==",
            "dev": true
        }
    }
}
